<?xml version="1.0" encoding="utf-8"?>
<Project ToolsVersion="4.0" xmlns="http://schemas.microsoft.com/developer/msbuild/2003">
  <ItemGroup>
    <ClCompile Include="source\AudioCache.cpp">
      <Filter>Source Files\Engine</Filter>
    </ClCompile>
    <ClCompile Include="source\CollisionEngine.cpp">
      <Filter>Source Files\Engine</Filter>
    </ClCompile>
    <ClCompile Include="source\Engine.cpp">
      <Filter>Source Files\Engine</Filter>
    </ClCompile>
    <ClCompile Include="source\FontCache.cpp">
      <Filter>Source Files\Engine</Filter>
    </ClCompile>
    <ClCompile Include="source\GameObject.cpp">
      <Filter>Source Files\Engine</Filter>
    </ClCompile>
    <ClCompile Include="source\GameTexture.cpp">
      <Filter>Source Files\Engine</Filter>
    </ClCompile>
    <ClCompile Include="source\ImageCache.cpp">
      <Filter>Source Files\Engine</Filter>
    </ClCompile>
    <ClCompile Include="source\MediaCache.cpp">
      <Filter>Source Files\Engine</Filter>
    </ClCompile>
    <ClCompile Include="source\StateMachine.cpp">
      <Filter>Source Files\Engine</Filter>
    </ClCompile>
    <ClCompile Include="source\TextCache.cpp">
      <Filter>Source Files\Engine</Filter>
    </ClCompile>
    <ClCompile Include="source\Timer.cpp">
      <Filter>Source Files\Engine</Filter>
    </ClCompile>
    <ClCompile Include="source\Vectors.cpp">
      <Filter>Source Files\Engine</Filter>
    </ClCompile>
    <ClCompile Include="source\Bird.cpp">
      <Filter>Source Files\GameObject</Filter>
    </ClCompile>
    <ClCompile Include="source\Game.cpp">
      <Filter>Source Files\State</Filter>
    </ClCompile>
    <ClCompile Include="source\GraphicsComponent.cpp">
      <Filter>Source Files\GameObject\Components</Filter>
    </ClCompile>
    <ClCompile Include="source\InputComponent.cpp">
      <Filter>Source Files\GameObject\Components</Filter>
    </ClCompile>
    <ClCompile Include="source\main.cpp">
      <Filter>Source Files</Filter>
    </ClCompile>
    <ClCompile Include="source\Pipe.cpp">
      <Filter>Source Files\GameObject</Filter>
    </ClCompile>
    <ClCompile Include="source\Title.cpp">
      <Filter>Source Files\State</Filter>
    </ClCompile>
    <ClCompile Include="source\Countdown.cpp">
      <Filter>Source Files\State</Filter>
    </ClCompile>
    <ClCompile Include="source\Score.cpp">
      <Filter>Source Files\State</Filter>
    </ClCompile>
  </ItemGroup>
  <ItemGroup>
    <ClInclude Include="include\AudioCache.h">
      <Filter>Header Files\Engine</Filter>
    </ClInclude>
    <ClInclude Include="include\CollisionEngine.h">
      <Filter>Header Files\Engine</Filter>
    </ClInclude>
    <ClInclude Include="include\Engine.h">
      <Filter>Header Files\Engine</Filter>
    </ClInclude>
    <ClInclude Include="include\FontCache.h">
      <Filter>Header Files\Engine</Filter>
    </ClInclude>
    <ClInclude Include="include\GameException.h">
      <Filter>Header Files\Engine</Filter>
    </ClInclude>
    <ClInclude Include="include\GameTexture.h">
      <Filter>Header Files\Engine</Filter>
    </ClInclude>
    <ClInclude Include="include\ImageCache.h">
      <Filter>Header Files\Engine</Filter>
    </ClInclude>
    <ClInclude Include="include\MediaCache.h">
      <Filter>Header Files\Engine</Filter>
    </ClInclude>
    <ClInclude Include="include\Player.h">
      <Filter>Header Files\Engine</Filter>
    </ClInclude>
    <ClInclude Include="include\StateMachine.h">
      <Filter>Header Files\Engine</Filter>
    </ClInclude>
    <ClInclude Include="include\TextCache.h">
      <Filter>Header Files\Engine</Filter>
    </ClInclude>
    <ClInclude Include="include\Timer.h">
      <Filter>Header Files\Engine</Filter>
    </ClInclude>
    <ClInclude Include="include\Vectors.h">
      <Filter>Header Files\Engine</Filter>
    </ClInclude>
    <ClInclude Include="include\Bird.h">
      <Filter>Header Files\GameObject</Filter>
    </ClInclude>
    <ClInclude Include="include\GameObject.h">
      <Filter>Header Files\GameObject</Filter>
    </ClInclude>
    <ClInclude Include="include\GraphicsComponent.h">
      <Filter>Header Files\GameObject\Components</Filter>
    </ClInclude>
    <ClInclude Include="include\InputComponent.h">
      <Filter>Header Files\GameObject\Components</Filter>
    </ClInclude>
    <ClInclude Include="include\Game.h">
      <Filter>Header Files\State</Filter>
    </ClInclude>
    <ClInclude Include="include\State.h">
      <Filter>Header Files\State</Filter>
    </ClInclude>
    <ClInclude Include="include\Pipe.h">
      <Filter>Header Files\GameObject</Filter>
    </ClInclude>
    <ClInclude Include="include\Title.h">
      <Filter>Header Files\State</Filter>
    </ClInclude>
    <ClInclude Include="include\Countdown.h">
      <Filter>Header Files\State</Filter>
    </ClInclude>
    <ClInclude Include="include\Score.h">
      <Filter>Header Files\State</Filter>
    </ClInclude>
  </ItemGroup>
  <ItemGroup>
    <Filter Include="Header Files">
      <UniqueIdentifier>{8bd06cb5-001d-41ee-8ef5-add26aa6edc5}</UniqueIdentifier>
    </Filter>
    <Filter Include="Source Files">
      <UniqueIdentifier>{8f00d06f-7b24-41ba-ac13-823d3f1e82c5}</UniqueIdentifier>
    </Filter>
    <Filter Include="Header Files\Engine">
      <UniqueIdentifier>{21bd6ec5-88be-43e1-83c3-77b2f9b9c98c}</UniqueIdentifier>
    </Filter>
    <Filter Include="Header Files\GameObject">
      <UniqueIdentifier>{86fb3947-a9b6-4e8b-8642-25ede3da064f}</UniqueIdentifier>
    </Filter>
    <Filter Include="Header Files\GameObject\Components">
      <UniqueIdentifier>{4d8774dd-1d99-4404-adb2-66c3f7ae0e58}</UniqueIdentifier>
    </Filter>
    <Filter Include="Header Files\State">
      <UniqueIdentifier>{c7a8c5ea-29fb-44fe-8627-e2e76bbc9cf9}</UniqueIdentifier>
    </Filter>
    <Filter Include="Source Files\Engine">
      <UniqueIdentifier>{52811774-5e68-4d60-8f9b-c4761d33d8d7}</UniqueIdentifier>
    </Filter>
    <Filter Include="Source Files\GameObject">
      <UniqueIdentifier>{ea647153-d032-44c4-9dfb-d38ffd66a477}</UniqueIdentifier>
    </Filter>
    <Filter Include="Source Files\State">
      <UniqueIdentifier>{afbb9e25-78c5-49cf-99e2-a1c15417e82f}</UniqueIdentifier>
    </Filter>
    <Filter Include="Source Files\GameObject\Components">
      <UniqueIdentifier>{3a8c9531-0b77-4ade-a092-6e12c4b6c171}</UniqueIdentifier>
    </Filter>
  </ItemGroup>
</Project>